
Microsoft Visual Studio Solution File, Format Version 12.00
# Visual Studio Version 17
VisualStudioVersion = 17.9.34616.47
MinimumVisualStudioVersion = 10.0.40219.1
Project("{FAE04EC0-301F-11D3-BF4B-00C04F79EFBC}") = "Remote.Agent", "Remote.Agent\Remote.Agent.csproj", "{67257191-C79F-4C29-8551-FCF606A672FD}"
EndProject
Project("{FAE04EC0-301F-11D3-BF4B-00C04F79EFBC}") = "Remote.Server", "Remote.Server\Remote.Server.csproj", "{52EE4174-1E22-4668-907B-4692EC6A4263}"
EndProject
Global
	GlobalSection(SolutionConfigurationPlatforms) = preSolution
		Debug|Any CPU = Debug|Any CPU
		Release|Any CPU = Release|Any CPU
	EndGlobalSection
	GlobalSection(ProjectConfigurationPlatforms) = postSolution
		{67257191-C79F-4C29-8551-FCF606A672FD}.Debug|Any CPU.ActiveCfg = Debug|Any CPU
		{67257191-C79F-4C29-8551-FCF606A672FD}.Debug|Any CPU.Build.0 = Debug|Any CPU
		{67257191-C79F-4C29-8551-FCF606A672FD}.Release|Any CPU.ActiveCfg = Release|Any CPU
		{67257191-C79F-4C29-8551-FCF606A672FD}.Release|Any CPU.Build.0 = Release|Any CPU
		{52EE4174-1E22-4668-907B-4692EC6A4263}.Debug|Any CPU.ActiveCfg = Debug|Any CPU
		{52EE4174-1E22-4668-907B-4692EC6A4263}.Debug|Any CPU.Build.0 = Debug|Any CPU
		{52EE4174-1E22-4668-907B-4692EC6A4263}.Release|Any CPU.ActiveCfg = Release|Any CPU
		{52EE4174-1E22-4668-907B-4692EC6A4263}.Release|Any CPU.Build.0 = Release|Any CPU
	EndGlobalSection
	GlobalSection(SolutionProperties) = preSolution
		HideSolutionNode = FALSE
	EndGlobalSection
	GlobalSection(ExtensibilityGlobals) = postSolution
		SolutionGuid = {E6AF43B2-762C-4E32-977E-9B8EADFF9D63}
	EndGlobalSection
EndGlobal
